
Microsoft Visual Studio Solution File, Format Version 12.00
# Visual Studio Version 16
VisualStudioVersion = 16.0.30611.23
MinimumVisualStudioVersion = 10.0.40219.1
Project("{FAE04EC0-301F-11D3-BF4B-00C04F79EFBC}") = "Sprint3", "Sprint3\Sprint3.csproj", "{3F85B428-0705-4E01-AD51-8E6F93D6DE03}"
EndProject
Global
	GlobalSection(SolutionConfigurationPlatforms) = preSolution
		Debug|Any CPU = Debug|Any CPU
		Release|Any CPU = Release|Any CPU
	EndGlobalSection
	GlobalSection(ProjectConfigurationPlatforms) = postSolution
		{3F85B428-0705-4E01-AD51-8E6F93D6DE03}.Debug|Any CPU.ActiveCfg = Debug|Any CPU
		{3F85B428-0705-4E01-AD51-8E6F93D6DE03}.Debug|Any CPU.Build.0 = Debug|Any CPU
		{3F85B428-0705-4E01-AD51-8E6F93D6DE03}.Release|Any CPU.ActiveCfg = Release|Any CPU
		{3F85B428-0705-4E01-AD51-8E6F93D6DE03}.Release|Any CPU.Build.0 = Release|Any CPU
	EndGlobalSection
	GlobalSection(SolutionProperties) = preSolution
		HideSolutionNode = FALSE
	EndGlobalSection
	GlobalSection(ExtensibilityGlobals) = postSolution
		SolutionGuid = {2C4FE7BD-36A4-4555-B892-3E7F294AB9DF}
	EndGlobalSection
EndGlobal
